// !$*UTF8*$!
{
	archiveVersion = 1;
	classes = {
	};
	objectVersion = 46;
	objects = {

/* Begin PBXBuildFile section */
		9FAC51D51C2E56DE00A2DF83 /* main.swift in Sources */ = {isa = PBXBuildFile; fileRef = 9FAC51D41C2E56DE00A2DF83 /* main.swift */; };
		9FAC51DD1C2E57A200A2DF83 /* NNTests.swift in Sources */ = {isa = PBXBuildFile; fileRef = 9FAC51DC1C2E57A200A2DF83 /* NNTests.swift */; };
		9FAC51E21C2E58D100A2DF83 /* main.swift in Sources */ = {isa = PBXBuildFile; fileRef = 9FAC51D41C2E56DE00A2DF83 /* main.swift */; };
/* End PBXBuildFile section */

/* Begin PBXCopyFilesBuildPhase section */
		9FAC51C61C2E564600A2DF83 /* CopyFiles */ = {
			isa = PBXCopyFilesBuildPhase;
			buildActionMask = 2147483647;
			dstPath = /usr/share/man/man1/;
			dstSubfolderSpec = 0;
			files = (
			);
			runOnlyForDeploymentPostprocessing = 1;
		};
/* End PBXCopyFilesBuildPhase section */

/* Begin PBXFileReference section */
		9FAC51C81C2E564600A2DF83 /* NeuralNetwork */ = {isa = PBXFileReference; explicitFileType = "compiled.mach-o.executable"; includeInIndex = 0; path = NeuralNetwork; sourceTree = BUILT_PRODUCTS_DIR; };
		9FAC51D41C2E56DE00A2DF83 /* main.swift */ = {isa = PBXFileReference; fileEncoding = 4; lastKnownFileType = sourcecode.swift; path = main.swift; sourceTree = "<group>"; };
		9FAC51DA1C2E57A200A2DF83 /* NNTests.xctest */ = {isa = PBXFileReference; explicitFileType = wrapper.cfbundle; includeInIndex = 0; path = NNTests.xctest; sourceTree = BUILT_PRODUCTS_DIR; };
		9FAC51DC1C2E57A200A2DF83 /* NNTests.swift */ = {isa = PBXFileReference; lastKnownFileType = sourcecode.swift; path = NNTests.swift; sourceTree = "<group>"; };
		9FAC51DE1C2E57A200A2DF83 /* Info.plist */ = {isa = PBXFileReference; lastKnownFileType = text.plist.xml; path = Info.plist; sourceTree = "<group>"; };
/* End PBXFileReference section */

/* Begin PBXFrameworksBuildPhase section */
		9FAC51C51C2E564600A2DF83 /* Frameworks */ = {
			isa = PBXFrameworksBuildPhase;
			buildActionMask = 2147483647;
			files = (
			);
			runOnlyForDeploymentPostprocessing = 0;
		};
		9FAC51D71C2E57A200A2DF83 /* Frameworks */ = {
			isa = PBXFrameworksBuildPhase;
			buildActionMask = 2147483647;
			files = (
			);
			runOnlyForDeploymentPostprocessing = 0;
		};
/* End PBXFrameworksBuildPhase section */

/* Begin PBXGroup section */
		9FAC51BF1C2E564600A2DF83 = {
			isa = PBXGroup;
			children = (
				9FAC51CA1C2E564600A2DF83 /* NeuralNetwork */,
				9FAC51DB1C2E57A200A2DF83 /* NNTests */,
				9FAC51C91C2E564600A2DF83 /* Products */,
			);
			sourceTree = "<group>";
		};
		9FAC51C91C2E564600A2DF83 /* Products */ = {
			isa = PBXGroup;
			children = (
				9FAC51C81C2E564600A2DF83 /* NeuralNetwork */,
				9FAC51DA1C2E57A200A2DF83 /* NNTests.xctest */,
			);
			name = Products;
			sourceTree = "<group>";
		};
		9FAC51CA1C2E564600A2DF83 /* NeuralNetwork */ = {
			isa = PBXGroup;
			children = (
				9FAC51D41C2E56DE00A2DF83 /* main.swift */,
			);
			path = NeuralNetwork;
			sourceTree = "<group>";
		};
		9FAC51DB1C2E57A200A2DF83 /* NNTests */ = {
			isa = PBXGroup;
			children = (
				9FAC51DC1C2E57A200A2DF83 /* NNTests.swift */,
				9FAC51DE1C2E57A200A2DF83 /* Info.plist */,
			);
			path = NNTests;
			sourceTree = "<group>";
		};
/* End PBXGroup section */

/* Begin PBXNativeTarget section */
		9FAC51C71C2E564600A2DF83 /* NeuralNetwork */ = {
			isa = PBXNativeTarget;
			buildConfigurationList = 9FAC51CF1C2E564600A2DF83 /* Build configuration list for PBXNativeTarget "NeuralNetwork" */;
			buildPhases = (
				9FAC51C41C2E564600A2DF83 /* Sources */,
				9FAC51C51C2E564600A2DF83 /* Frameworks */,
				9FAC51C61C2E564600A2DF83 /* CopyFiles */,
			);
			buildRules = (
			);
			dependencies = (
			);
			name = NeuralNetwork;
			productName = NeuralNetwork;
			productReference = 9FAC51C81C2E564600A2DF83 /* NeuralNetwork */;
			productType = "com.apple.product-type.tool";
		};
		9FAC51D91C2E57A200A2DF83 /* NNTests */ = {
			isa = PBXNativeTarget;
			buildConfigurationList = 9FAC51DF1C2E57A200A2DF83 /* Build configuration list for PBXNativeTarget "NNTests" */;
			buildPhases = (
				9FAC51D61C2E57A200A2DF83 /* Sources */,
				9FAC51D71C2E57A200A2DF83 /* Frameworks */,
				9FAC51D81C2E57A200A2DF83 /* Resources */,
			);
			buildRules = (
			);
			dependencies = (
			);
			name = NNTests;
			productName = NNTests;
			productReference = 9FAC51DA1C2E57A200A2DF83 /* NNTests.xctest */;
			productType = "com.apple.product-type.bundle.unit-test";
		};
/* End PBXNativeTarget section */

/* Begin PBXProject section */
		9FAC51C01C2E564600A2DF83 /* Project object */ = {
			isa = PBXProject;
			attributes = {
				LastSwiftUpdateCheck = 0720;
				LastUpgradeCheck = 0720;
				ORGANIZATIONNAME = "pbardea stdios";
				TargetAttributes = {
					9FAC51C71C2E564600A2DF83 = {
						CreatedOnToolsVersion = 7.2;
					};
					9FAC51D91C2E57A200A2DF83 = {
						CreatedOnToolsVersion = 7.2;
					};
				};
			};
			buildConfigurationList = 9FAC51C31C2E564600A2DF83 /* Build configuration list for PBXProject "NeuralNetwork" */;
			compatibilityVersion = "Xcode 3.2";
			developmentRegion = English;
			hasScannedForEncodings = 0;
			knownRegions = (
				en,
			);
			mainGroup = 9FAC51BF1C2E564600A2DF83;
			productRefGroup = 9FAC51C91C2E564600A2DF83 /* Products */;
			projectDirPath = "";
			projectRoot = "";
			targets = (
				9FAC51C71C2E564600A2DF83 /* NeuralNetwork */,
				9FAC51D91C2E57A200A2DF83 /* NNTests */,
			);
		};
/* End PBXProject section */

/* Begin PBXResourcesBuildPhase section */
		9FAC51D81C2E57A200A2DF83 /* Resources */ = {
			isa = PBXResourcesBuildPhase;
			buildActionMask = 2147483647;
			files = (
			);
			runOnlyForDeploymentPostprocessing = 0;
		};
/* End PBXResourcesBuildPhase section */

/* Begin PBXSourcesBuildPhase section */
		9FAC51C41C2E564600A2DF83 /* Sources */ = {
			isa = PBXSourcesBuildPhase;
			buildActionMask = 2147483647;
			files = (
				9FAC51D51C2E56DE00A2DF83 /* main.swift in Sources */,
			);
			runOnlyForDeploymentPostprocessing = 0;
		};
		9FAC51D61C2E57A200A2DF83 /* Sources */ = {
			isa = PBXSourcesBuildPhase;
			buildActionMask = 2147483647;
			files = (
				9FAC51E21C2E58D100A2DF83 /* main.swift in Sources */,
				9FAC51DD1C2E57A200A2DF83 /* NNTests.swift in Sources */,
			);
			runOnlyForDeploymentPostprocessing = 0;
		};
/* End PBXSourcesBuildPhase section */

/* Begin XCBuildConfiguration section */
		9FAC51CD1C2E564600A2DF83 /* Debug */ = {
			isa = XCBuildConfiguration;
			buildSettings = {
				ALWAYS_SEARCH_USER_PATHS = NO;
				CLANG_CXX_LANGUAGE_STANDARD = "gnu++0x";
				CLANG_CXX_LIBRARY = "libc++";
				CLANG_ENABLE_MODULES = YES;
				CLANG_ENABLE_OBJC_ARC = YES;
				CLANG_WARN_BOOL_CONVERSION = YES;
				CLANG_WARN_CONSTANT_CONVERSION = YES;
				CLANG_WARN_DIRECT_OBJC_ISA_USAGE = YES_ERROR;
				CLANG_WARN_EMPTY_BODY = YES;
				CLANG_WARN_ENUM_CONVERSION = YES;
				CLANG_WARN_INT_CONVERSION = YES;
				CLANG_WARN_OBJC_ROOT_CLASS = YES_ERROR;
				CLANG_WARN_UNREACHABLE_CODE = YES;
				CLANG_WARN__DUPLICATE_METHOD_MATCH = YES;
				CODE_SIGN_IDENTITY = "-";
				COPY_PHASE_STRIP = NO;
				DEBUG_INFORMATION_FORMAT = dwarf;
				ENABLE_STRICT_OBJC_MSGSEND = YES;
				ENABLE_TESTABILITY = YES;
				GCC_C_LANGUAGE_STANDARD = gnu99;
				GCC_DYNAMIC_NO_PIC = NO;
				GCC_NO_COMMON_BLOCKS = YES;
				GCC_OPTIMIZATION_LEVEL = 0;
				GCC_PREPROCESSOR_DEFINITIONS = (
					"DEBUG=1",
					"$(inherited)",
				);
				GCC_WARN_64_TO_32_BIT_CONVERSION = YES;
				GCC_WARN_ABOUT_RETURN_TYPE = YES_ERROR;
				GCC_WARN_UNDECLARED_SELECTOR = YES;
				GCC_WARN_UNINITIALIZED_AUTOS = YES_AGGRESSIVE;
				GCC_WARN_UNUSED_FUNCTION = YES;
				GCC_WARN_UNUSED_VARIABLE = YES;
				MACOSX_DEPLOYMENT_TARGET = 10.11;
				MTL_ENABLE_DEBUG_INFO = YES;
				ONLY_ACTIVE_ARCH = YES;
				SDKROOT = macosx;
				SWIFT_OPTIMIZATION_LEVEL = "-Onone";
			};
			name = Debug;
		};
		9FAC51CE1C2E564600A2DF83 /* Release */ = {
			isa = XCBuildConfiguration;
			buildSettings = {
				ALWAYS_SEARCH_USER_PATHS = NO;
				CLANG_CXX_LANGUAGE_STANDARD = "gnu++0x";
				CLANG_CXX_LIBRARY = "libc++";
				CLANG_ENABLE_MODULES = YES;
				CLANG_ENABLE_OBJC_ARC = YES;
				CLANG_WARN_BOOL_CONVERSION = YES;
				CLANG_WARN_CONSTANT_CONVERSION = YES;
				CLANG_WARN_DIRECT_OBJC_ISA_USAGE = YES_ERROR;
				CLANG_WARN_EMPTY_BODY = YES;
				CLANG_WARN_ENUM_CONVERSION = YES;
				CLANG_WARN_INT_CONVERSION = YES;
				CLANG_WARN_OBJC_ROOT_CLASS = YES_ERROR;
				CLANG_WARN_UNREACHABLE_CODE = YES;
				CLANG_WARN__DUPLICATE_METHOD_MATCH = YES;
				CODE_SIGN_IDENTITY = "-";
				COPY_PHASE_STRIP = NO;
				DEBUG_INFORMATION_FORMAT = "dwarf-with-dsym";
				ENABLE_NS_ASSERTIONS = NO;
				ENABLE_STRICT_OBJC_MSGSEND = YES;
				GCC_C_LANGUAGE_STANDARD = gnu99;
				GCC_NO_COMMON_BLOCKS = YES;
				GCC_WARN_64_TO_32_BIT_CONVERSION = YES;
				GCC_WARN_ABOUT_RETURN_TYPE = YES_ERROR;
				GCC_WARN_UNDECLARED_SELECTOR = YES;
				GCC_WARN_UNINITIALIZED_AUTOS = YES_AGGRESSIVE;
				GCC_WARN_UNUSED_FUNCTION = YES;
				GCC_WARN_UNUSED_VARIABLE = YES;
				MACOSX_DEPLOYMENT_TARGET = 10.11;
				MTL_ENABLE_DEBUG_INFO = NO;
				SDKROOT = macosx;
			};
			name = Release;
		};
		9FAC51D01C2E564600A2DF83 /* Debug */ = {
			isa = XCBuildConfiguration;
			buildSettings = {
				CLANG_ENABLE_MODULES = YES;
				LD_RUNPATH_SEARCH_PATHS = "$(inherited) @executable_path/../Frameworks @loader_path/../Frameworks";
				PRODUCT_NAME = "$(TARGET_NAME)";
				SWIFT_OPTIMIZATION_LEVEL = "-Onone";
			};
			name = Debug;
		};
		9FAC51D11C2E564600A2DF83 /* Release */ = {
			isa = XCBuildConfiguration;
			buildSettings = {
				CLANG_ENABLE_MODULES = YES;
				LD_RUNPATH_SEARCH_PATHS = "$(inherited) @executable_path/../Frameworks @loader_path/../Frameworks";
				PRODUCT_NAME = "$(TARGET_NAME)";
			};
			name = Release;
		};
		9FAC51E01C2E57A200A2DF83 /* Debug */ = {
			isa = XCBuildConfiguration;
			buildSettings = {
				COMBINE_HIDPI_IMAGES = YES;
				INFOPLIST_FILE = NNTests/Info.plist;
				LD_RUNPATH_SEARCH_PATHS = "$(inherited) @executable_path/../Frameworks @loader_path/../Frameworks";
				PRODUCT_BUNDLE_IDENTIFIER = com.pbardea.NNTests;
				PRODUCT_NAME = "$(TARGET_NAME)";
			};
			name = Debug;
		};
		9FAC51E11C2E57A200A2DF83 /* Release */ = {
			isa = XCBuildConfiguration;
			buildSettings = {
				COMBINE_HIDPI_IMAGES = YES;
				INFOPLIST_FILE = NNTests/Info.plist;
				LD_RUNPATH_SEARCH_PATHS = "$(inherited) @executable_path/../Frameworks @loader_path/../Frameworks";
				PRODUCT_BUNDLE_IDENTIFIER = com.pbardea.NNTests;
				PRODUCT_NAME = "$(TARGET_NAME)";
			};
			name = Release;
		};
/* End XCBuildConfiguration section */

/* Begin XCConfigurationList section */
		9FAC51C31C2E564600A2DF83 /* Build configuration list for PBXProject "NeuralNetwork" */ = {
			isa = XCConfigurationList;
			buildConfigurations = (
				9FAC51CD1C2E564600A2DF83 /* Debug */,
				9FAC51CE1C2E564600A2DF83 /* Release */,
			);
			defaultConfigurationIsVisible = 0;
			defaultConfigurationName = Release;
		};
		9FAC51CF1C2E564600A2DF83 /* Build configuration list for PBXNativeTarget "NeuralNetwork" */ = {
			isa = XCConfigurationList;
			buildConfigurations = (
				9FAC51D01C2E564600A2DF83 /* Debug */,
				9FAC51D11C2E564600A2DF83 /* Release */,
			);
			defaultConfigurationIsVisible = 0;
		};
		9FAC51DF1C2E57A200A2DF83 /* Build configuration list for PBXNativeTarget "NNTests" */ = {
			isa = XCConfigurationList;
			buildConfigurations = (
				9FAC51E01C2E57A200A2DF83 /* Debug */,
				9FAC51E11C2E57A200A2DF83 /* Release */,
			);
			defaultConfigurationIsVisible = 0;
		};
/* End XCConfigurationList section */
	};
	rootObject = 9FAC51C01C2E564600A2DF83 /* Project object */;
}
